<?xml version="1.0" encoding="utf-8"?>
<Project ToolsVersion="4.0" xmlns="http://schemas.microsoft.com/developer/msbuild/2003">
  <ItemGroup>
    <Filter Include="소스 파일">
      <UniqueIdentifier>{4FC737F1-C7A5-4376-A066-2A32D752A2FF}</UniqueIdentifier>
      <Extensions>cpp;c;cc;cxx;c++;cppm;ixx;def;odl;idl;hpj;bat;asm;asmx</Extensions>
    </Filter>
    <Filter Include="헤더 파일">
      <UniqueIdentifier>{93995380-89BD-4b04-88EB-625FBE52EBFB}</UniqueIdentifier>
      <Extensions>h;hh;hpp;hxx;h++;hm;inl;inc;ipp;xsd</Extensions>
    </Filter>
    <Filter Include="리소스 파일">
      <UniqueIdentifier>{67DA6AB6-F800-4c08-8B7A-83BB121AAD01}</UniqueIdentifier>
      <Extensions>rc;ico;cur;bmp;dlg;rc2;rct;bin;rgs;gif;jpg;jpeg;jpe;resx;tiff;tif;png;wav;mfcribbon-ms</Extensions>
    </Filter>
    <Filter Include="1장">
      <UniqueIdentifier>{950f5f31-bfd8-456c-9391-8eb20335cab5}</UniqueIdentifier>
    </Filter>
    <Filter Include="1장\glsl파일">
      <UniqueIdentifier>{ccb396bb-2ea7-430f-a9e5-9346c63fb374}</UniqueIdentifier>
    </Filter>
  </ItemGroup>
  <ItemGroup>
    <ClCompile Include="1장_1번.cpp">
      <Filter>1장</Filter>
    </ClCompile>
    <ClCompile Include="1장_2번.cpp">
      <Filter>1장</Filter>
    </ClCompile>
    <ClCompile Include="1장_3번.cpp">
      <Filter>1장</Filter>
    </ClCompile>
    <ClCompile Include="1장_4번.cpp">
      <Filter>1장</Filter>
    </ClCompile>
    <ClCompile Include="1장_5번.cpp">
      <Filter>1장</Filter>
    </ClCompile>
    <ClCompile Include="1장-6번.cpp">
      <Filter>1장</Filter>
    </ClCompile>
    <ClCompile Include="1장-7번.cpp">
      <Filter>1장</Filter>
    </ClCompile>
    <ClCompile Include="1장-7번 클래스사용-.cpp">
      <Filter>1장</Filter>
    </ClCompile>
    <ClCompile Include="1장-8번.cpp">
      <Filter>1장</Filter>
    </ClCompile>
    <ClCompile Include="1장-9번.cpp">
      <Filter>1장</Filter>
    </ClCompile>
    <ClCompile Include="1장-10번.cpp">
      <Filter>1장</Filter>
    </ClCompile>
    <ClCompile Include="1장-11번.cpp">
      <Filter>1장</Filter>
    </ClCompile>
    <ClCompile Include="1장-12번.cpp">
      <Filter>1장</Filter>
    </ClCompile>
    <ClCompile Include="1장-13번.cpp">
      <Filter>1장</Filter>
    </ClCompile>
  </ItemGroup>
  <ItemGroup>
    <Text Include="..\유용한 함수.txt">
      <Filter>리소스 파일</Filter>
    </Text>
  </ItemGroup>
  <ItemGroup>
    <None Include="vertex.glsl">
      <Filter>1장\glsl파일</Filter>
    </None>
    <None Include="fragment.glsl">
      <Filter>1장\glsl파일</Filter>
    </None>
  </ItemGroup>
</Project>